Microsoft Visual Studio Solution File, Format Version 12.00
# Visual Studio Version 17
VisualStudioVersion = 17.5.2.0
MinimumVisualStudioVersion = 10.0.40219.1
Project("{FAE04EC0-301F-11D3-BF4B-00C04F79EFBC}") = "dz1", "dz1.csproj", "{A2897CB8-DCFA-71C0-B36B-0887CA67E74A}"
EndProject
Global
	GlobalSection(SolutionConfigurationPlatforms) = preSolution
		Debug|Any CPU = Debug|Any CPU
		Release|Any CPU = Release|Any CPU
	EndGlobalSection
	GlobalSection(ProjectConfigurationPlatforms) = postSolution
		{A2897CB8-DCFA-71C0-B36B-0887CA67E74A}.Debug|Any CPU.ActiveCfg = Debug|Any CPU
		{A2897CB8-DCFA-71C0-B36B-0887CA67E74A}.Debug|Any CPU.Build.0 = Debug|Any CPU
		{A2897CB8-DCFA-71C0-B36B-0887CA67E74A}.Release|Any CPU.ActiveCfg = Release|Any CPU
		{A2897CB8-DCFA-71C0-B36B-0887CA67E74A}.Release|Any CPU.Build.0 = Release|Any CPU
	EndGlobalSection
	GlobalSection(SolutionProperties) = preSolution
		HideSolutionNode = FALSE
	EndGlobalSection
	GlobalSection(ExtensibilityGlobals) = postSolution
		SolutionGuid = {E756853D-F8A4-4D8F-A6B1-0BCCAF92705D}
	EndGlobalSection
EndGlobal
